
Microsoft Visual Studio Solution File, Format Version 12.00
# Visual Studio Version 17
VisualStudioVersion = 17.4.33403.182
MinimumVisualStudioVersion = 10.0.40219.1
Project("{FAE04EC0-301F-11D3-BF4B-00C04F79EFBC}") = "LopezEmmanuel - 1119523", "LopezEmmanuel - 1119523\LopezEmmanuel - 1119523.csproj", "{116C0CEE-80EF-4336-9810-1498A74A2333}"
EndProject
Global
	GlobalSection(SolutionConfigurationPlatforms) = preSolution
		Debug|Any CPU = Debug|Any CPU
		Release|Any CPU = Release|Any CPU
	EndGlobalSection
	GlobalSection(ProjectConfigurationPlatforms) = postSolution
		{116C0CEE-80EF-4336-9810-1498A74A2333}.Debug|Any CPU.ActiveCfg = Debug|Any CPU
		{116C0CEE-80EF-4336-9810-1498A74A2333}.Debug|Any CPU.Build.0 = Debug|Any CPU
		{116C0CEE-80EF-4336-9810-1498A74A2333}.Release|Any CPU.ActiveCfg = Release|Any CPU
		{116C0CEE-80EF-4336-9810-1498A74A2333}.Release|Any CPU.Build.0 = Release|Any CPU
	EndGlobalSection
	GlobalSection(SolutionProperties) = preSolution
		HideSolutionNode = FALSE
	EndGlobalSection
	GlobalSection(ExtensibilityGlobals) = postSolution
		SolutionGuid = {E6EE1D95-3A7B-4C6F-9188-EA59726658CA}
	EndGlobalSection
EndGlobal
